github.com/orestonce/go2cpp v0.0.0-20211010164129-5cf146720327 h1:77d5iDKqS0noHDOka0Uu8VM+tSsvO6yh9thJn9vmldg=
github.com/orestonce/go2cpp v0.0.0-20211010164129-5cf146720327/go.mod h1:1fsOAZftk08/dOTRqlp6f/MVwaEKOhrnPUg0RtWiSdY=
github.com/orestonce/go2cpp v0.0.0-20220420150855-bd1d4d97c003 h1:fidKTucO+qX5HLFhNmeBGy0ffc1baU+LVwLN74JGka8=
github.com/orestonce/go2cpp v0.0.0-20220420150855-bd1d4d97c003/go.mod h1:1fsOAZftk08/dOTRqlp6f/MVwaEKOhrnPUg0RtWiSdY=
github.com/orestonce/go2cpp v0.0.0-20220420151334-a30e16378ada h1:EdqX4ZM+GWh4i0UER0oY2i9ZAXzIHrvtafkBKPLYqMs=
github.com/orestonce/go2cpp v0.0.0-20220420151334-a30e16378ada/go.mod h1:1fsOAZftk08/dOTRqlp6f/MVwaEKOhrnPUg0RtWiSdY=
github.com/orestonce/go2cpp v0.0.0-20220421144856-6789f30e68b2 h1:vi2iWGwpDmTwr49tfuKl+Vy0q8/VVccZN7seQG3a3Wc=
github.com/orestonce/go2cpp v0.0.0-20220421144856-6789f30e68b2/go.mod h1:1fsOAZftk08/dOTRqlp6f/MVwaEKOhrnPUg0RtWiSdY=
